Microsoft Visual Studio Solution File, Format Version 12.00
# Visual Studio Version 17
VisualStudioVersion = 17.5.2.0
MinimumVisualStudioVersion = 10.0.40219.1
Project("{2150E333-8FDC-42A3-9474-1A3956D46DE8}") = "foundry", "foundry", "{8A340088-4029-5048-4471-08D1FE4C2697}"
EndProject
Project("{2150E333-8FDC-42A3-9474-1A3956D46DE8}") = "durable-functions", "durable-functions", "{CE4069AF-65B8-92AB-098B-22E60F866FF7}"
EndProject
Project("{FAE04EC0-301F-11D3-BF4B-00C04F79EFBC}") = "AgentServiceClient", "foundry\AgentServiceClient\AgentServiceClient.csproj", "{9C326ED0-7686-9FA8-58CE-8B31532D45CD}"
EndProject
Project("{FAE04EC0-301F-11D3-BF4B-00C04F79EFBC}") = "RestaurantOrchestrator", "durable-functions\RestaurantOrchestrator\RestaurantOrchestrator.csproj", "{8469036D-F343-88A3-8982-E80F275F4DEF}"
EndProject
Project("{FAE04EC0-301F-11D3-BF4B-00C04F79EFBC}") = "PizzaWorkflow", "durable-functions\PizzaWorkflow\PizzaWorkflow.csproj", "{4545BEF8-858A-2777-A076-8DA37728AAAD}"
EndProject
Project("{FAE04EC0-301F-11D3-BF4B-00C04F79EFBC}") = "DeliveryWorkflow", "durable-functions\DeliveryWorkflow\DeliveryWorkflow.csproj", "{0C34EB69-F86C-4113-B9D4-3BB60346CF86}"
EndProject
Project("{2150E333-8FDC-42A3-9474-1A3956D46DE8}") = "RestaurantOrchestrator (1)", "RestaurantOrchestrator (1)", "{080C6942-0390-E02D-AD50-0619A11B7D9C}"
EndProject
Project("{2150E333-8FDC-42A3-9474-1A3956D46DE8}") = "obj", "obj", "{6C002DE1-2BFD-7231-A3E7-31E92E2E8F5F}"
EndProject
Project("{2150E333-8FDC-42A3-9474-1A3956D46DE8}") = "Debug", "Debug", "{2231E265-0622-0355-CFEA-82573DEDCDD2}"
EndProject
Project("{2150E333-8FDC-42A3-9474-1A3956D46DE8}") = "net8.0", "net8.0", "{F2602BAA-2FAE-5405-91EB-65DA9863285E}"
EndProject
Project("{FAE04EC0-301F-11D3-BF4B-00C04F79EFBC}") = "WorkerExtensions", "durable-functions\RestaurantOrchestrator\obj\Debug\net8.0\WorkerExtensions\WorkerExtensions.csproj", "{50D4F4CF-E482-52DB-FF2B-3B05F6AB95B8}"
EndProject
Project("{2150E333-8FDC-42A3-9474-1A3956D46DE8}") = "PizzaWorkflow (1)", "PizzaWorkflow (1)", "{5487C1CD-8D75-66FB-05C9-8F875052A612}"
EndProject
Project("{2150E333-8FDC-42A3-9474-1A3956D46DE8}") = "obj", "obj", "{330F6534-C903-866F-B83E-CB47EE98B85C}"
EndProject
Project("{2150E333-8FDC-42A3-9474-1A3956D46DE8}") = "Debug", "Debug", "{D5576450-4A84-9F0B-4E7E-0F73F47DFB7A}"
EndProject
Project("{2150E333-8FDC-42A3-9474-1A3956D46DE8}") = "net8.0", "net8.0", "{9DE79726-DA29-47FF-E1A7-4FB410298B88}"
EndProject
Project("{FAE04EC0-301F-11D3-BF4B-00C04F79EFBC}") = "WorkerExtensions", "durable-functions\PizzaWorkflow\obj\Debug\net8.0\WorkerExtensions\WorkerExtensions.csproj", "{AEF8DE48-9A9A-1055-0F4A-DBF2979FB259}"
EndProject
Project("{2150E333-8FDC-42A3-9474-1A3956D46DE8}") = "DeliveryWorkflow (1)", "DeliveryWorkflow (1)", "{774AAE7C-C49F-4099-B7CC-C4B7452DDC3C}"
EndProject
Project("{2150E333-8FDC-42A3-9474-1A3956D46DE8}") = "obj", "obj", "{14D4126E-996C-BDBA-7CD4-89850BD46580}"
EndProject
Project("{2150E333-8FDC-42A3-9474-1A3956D46DE8}") = "Debug", "Debug", "{3F04410F-A92F-FAAF-2E04-94B326211D27}"
EndProject
Project("{2150E333-8FDC-42A3-9474-1A3956D46DE8}") = "net8.0", "net8.0", "{43DC608C-A37B-0F24-4B66-FA8B41F8CCCB}"
EndProject
Project("{FAE04EC0-301F-11D3-BF4B-00C04F79EFBC}") = "WorkerExtensions", "durable-functions\DeliveryWorkflow\obj\Debug\net8.0\WorkerExtensions\WorkerExtensions.csproj", "{45DC3D98-6827-918A-5BB9-FDF98111D8DA}"
EndProject
Global
	GlobalSection(SolutionConfigurationPlatforms) = preSolution
		Debug|Any CPU = Debug|Any CPU
		Release|Any CPU = Release|Any CPU
	EndGlobalSection
	GlobalSection(ProjectConfigurationPlatforms) = postSolution
		{9C326ED0-7686-9FA8-58CE-8B31532D45CD}.Debug|Any CPU.ActiveCfg = Debug|Any CPU
		{9C326ED0-7686-9FA8-58CE-8B31532D45CD}.Debug|Any CPU.Build.0 = Debug|Any CPU
		{9C326ED0-7686-9FA8-58CE-8B31532D45CD}.Release|Any CPU.ActiveCfg = Release|Any CPU
		{9C326ED0-7686-9FA8-58CE-8B31532D45CD}.Release|Any CPU.Build.0 = Release|Any CPU
		{8469036D-F343-88A3-8982-E80F275F4DEF}.Debug|Any CPU.ActiveCfg = Debug|Any CPU
		{8469036D-F343-88A3-8982-E80F275F4DEF}.Debug|Any CPU.Build.0 = Debug|Any CPU
		{8469036D-F343-88A3-8982-E80F275F4DEF}.Release|Any CPU.ActiveCfg = Release|Any CPU
		{8469036D-F343-88A3-8982-E80F275F4DEF}.Release|Any CPU.Build.0 = Release|Any CPU
		{4545BEF8-858A-2777-A076-8DA37728AAAD}.Debug|Any CPU.ActiveCfg = Debug|Any CPU
		{4545BEF8-858A-2777-A076-8DA37728AAAD}.Debug|Any CPU.Build.0 = Debug|Any CPU
		{4545BEF8-858A-2777-A076-8DA37728AAAD}.Release|Any CPU.ActiveCfg = Release|Any CPU
		{4545BEF8-858A-2777-A076-8DA37728AAAD}.Release|Any CPU.Build.0 = Release|Any CPU
		{0C34EB69-F86C-4113-B9D4-3BB60346CF86}.Debug|Any CPU.ActiveCfg = Debug|Any CPU
		{0C34EB69-F86C-4113-B9D4-3BB60346CF86}.Debug|Any CPU.Build.0 = Debug|Any CPU
		{0C34EB69-F86C-4113-B9D4-3BB60346CF86}.Release|Any CPU.ActiveCfg = Release|Any CPU
		{0C34EB69-F86C-4113-B9D4-3BB60346CF86}.Release|Any CPU.Build.0 = Release|Any CPU
		{50D4F4CF-E482-52DB-FF2B-3B05F6AB95B8}.Debug|Any CPU.ActiveCfg = Debug|Any CPU
		{50D4F4CF-E482-52DB-FF2B-3B05F6AB95B8}.Debug|Any CPU.Build.0 = Debug|Any CPU
		{50D4F4CF-E482-52DB-FF2B-3B05F6AB95B8}.Release|Any CPU.ActiveCfg = Release|Any CPU
		{50D4F4CF-E482-52DB-FF2B-3B05F6AB95B8}.Release|Any CPU.Build.0 = Release|Any CPU
		{AEF8DE48-9A9A-1055-0F4A-DBF2979FB259}.Debug|Any CPU.ActiveCfg = Debug|Any CPU
		{AEF8DE48-9A9A-1055-0F4A-DBF2979FB259}.Debug|Any CPU.Build.0 = Debug|Any CPU
		{AEF8DE48-9A9A-1055-0F4A-DBF2979FB259}.Release|Any CPU.ActiveCfg = Release|Any CPU
		{AEF8DE48-9A9A-1055-0F4A-DBF2979FB259}.Release|Any CPU.Build.0 = Release|Any CPU
		{45DC3D98-6827-918A-5BB9-FDF98111D8DA}.Debug|Any CPU.ActiveCfg = Debug|Any CPU
		{45DC3D98-6827-918A-5BB9-FDF98111D8DA}.Debug|Any CPU.Build.0 = Debug|Any CPU
		{45DC3D98-6827-918A-5BB9-FDF98111D8DA}.Release|Any CPU.ActiveCfg = Release|Any CPU
		{45DC3D98-6827-918A-5BB9-FDF98111D8DA}.Release|Any CPU.Build.0 = Release|Any CPU
	EndGlobalSection
	GlobalSection(SolutionProperties) = preSolution
		HideSolutionNode = FALSE
	EndGlobalSection
	GlobalSection(NestedProjects) = preSolution
		{9C326ED0-7686-9FA8-58CE-8B31532D45CD} = {8A340088-4029-5048-4471-08D1FE4C2697}
		{8469036D-F343-88A3-8982-E80F275F4DEF} = {CE4069AF-65B8-92AB-098B-22E60F866FF7}
		{4545BEF8-858A-2777-A076-8DA37728AAAD} = {CE4069AF-65B8-92AB-098B-22E60F866FF7}
		{0C34EB69-F86C-4113-B9D4-3BB60346CF86} = {CE4069AF-65B8-92AB-098B-22E60F866FF7}
		{080C6942-0390-E02D-AD50-0619A11B7D9C} = {CE4069AF-65B8-92AB-098B-22E60F866FF7}
		{6C002DE1-2BFD-7231-A3E7-31E92E2E8F5F} = {080C6942-0390-E02D-AD50-0619A11B7D9C}
		{2231E265-0622-0355-CFEA-82573DEDCDD2} = {6C002DE1-2BFD-7231-A3E7-31E92E2E8F5F}
		{F2602BAA-2FAE-5405-91EB-65DA9863285E} = {2231E265-0622-0355-CFEA-82573DEDCDD2}
		{50D4F4CF-E482-52DB-FF2B-3B05F6AB95B8} = {F2602BAA-2FAE-5405-91EB-65DA9863285E}
		{5487C1CD-8D75-66FB-05C9-8F875052A612} = {CE4069AF-65B8-92AB-098B-22E60F866FF7}
		{330F6534-C903-866F-B83E-CB47EE98B85C} = {5487C1CD-8D75-66FB-05C9-8F875052A612}
		{D5576450-4A84-9F0B-4E7E-0F73F47DFB7A} = {330F6534-C903-866F-B83E-CB47EE98B85C}
		{9DE79726-DA29-47FF-E1A7-4FB410298B88} = {D5576450-4A84-9F0B-4E7E-0F73F47DFB7A}
		{AEF8DE48-9A9A-1055-0F4A-DBF2979FB259} = {9DE79726-DA29-47FF-E1A7-4FB410298B88}
		{774AAE7C-C49F-4099-B7CC-C4B7452DDC3C} = {CE4069AF-65B8-92AB-098B-22E60F866FF7}
		{14D4126E-996C-BDBA-7CD4-89850BD46580} = {774AAE7C-C49F-4099-B7CC-C4B7452DDC3C}
		{3F04410F-A92F-FAAF-2E04-94B326211D27} = {14D4126E-996C-BDBA-7CD4-89850BD46580}
		{43DC608C-A37B-0F24-4B66-FA8B41F8CCCB} = {3F04410F-A92F-FAAF-2E04-94B326211D27}
		{45DC3D98-6827-918A-5BB9-FDF98111D8DA} = {43DC608C-A37B-0F24-4B66-FA8B41F8CCCB}
	EndGlobalSection
	GlobalSection(ExtensibilityGlobals) = postSolution
		SolutionGuid = {EF885622-5B16-4DBA-B271-6ED99736F5EE}
	EndGlobalSection
EndGlobal
